
Microsoft Visual Studio Solution File, Format Version 12.00
# Visual Studio Version 16
VisualStudioVersion = 25.0.1703.0
MinimumVisualStudioVersion = 10.0.40219.1
Project("{FAE04EC0-301F-11D3-BF4B-00C04F79EFBC}") = "my-books", "my-books\my-books.csproj", "{77D51674-E1C8-4DFC-BF38-0DDF2549236A}"
EndProject
Global
	GlobalSection(SolutionConfigurationPlatforms) = preSolution
		Debug|Any CPU = Debug|Any CPU
		Release|Any CPU = Release|Any CPU
	EndGlobalSection
	GlobalSection(ProjectConfigurationPlatforms) = postSolution
		{77D51674-E1C8-4DFC-BF38-0DDF2549236A}.Debug|Any CPU.ActiveCfg = Debug|Any CPU
		{77D51674-E1C8-4DFC-BF38-0DDF2549236A}.Debug|Any CPU.Build.0 = Debug|Any CPU
		{77D51674-E1C8-4DFC-BF38-0DDF2549236A}.Release|Any CPU.ActiveCfg = Release|Any CPU
		{77D51674-E1C8-4DFC-BF38-0DDF2549236A}.Release|Any CPU.Build.0 = Release|Any CPU
	EndGlobalSection
	GlobalSection(SolutionProperties) = preSolution
		HideSolutionNode = FALSE
	EndGlobalSection
	GlobalSection(ExtensibilityGlobals) = postSolution
		SolutionGuid = {BD7B363A-3060-4E8E-A6FF-861B8C74C5A7}
	EndGlobalSection
EndGlobal
